[ "meck": {:git,"https://github.com/eproxus/meck","161e240166a0d20e9ffa2be5d0bfa6a981f12aef",[branch: "master"]},
  "protobuffs": {:git,"git://github.com/basho/erlang_protobuffs.git","f90e025518bdfbe48d6303c6aa5101297c56fb7b",[tag: "0.8.1"]},
  "riak-erlang-client": {:git,"https://github.com/basho/riak-erlang-client.git","7ef867a41cb4314b79f14303b9f93ee86fd59f6e",[]},
  "riak_pb": {:git,"git://github.com/basho/riak_pb","e0337f32a74244812678fda4ce1e08c39c780da2",[tag: "1.4.0.7"]},
  "riakc": {:git,"https://github.com/basho/riak-erlang-client.git","7ef867a41cb4314b79f14303b9f93ee86fd59f6e",[]} ]
